
Microsoft Visual Studio Solution File, Format Version 12.00
# Visual Studio Version 17
VisualStudioVersion = 17.9.34728.123
MinimumVisualStudioVersion = 10.0.40219.1
Project("{FAE04EC0-301F-11D3-BF4B-00C04F79EFBC}") = "backend", "backend\backend.csproj", "{78A8D2D4-04A3-4948-A5E8-258F0FA6066D}"
EndProject
Global
	GlobalSection(SolutionConfigurationPlatforms) = preSolution
		Debug|Any CPU = Debug|Any CPU
		Release|Any CPU = Release|Any CPU
	EndGlobalSection
	GlobalSection(ProjectConfigurationPlatforms) = postSolution
		{78A8D2D4-04A3-4948-A5E8-258F0FA6066D}.Debug|Any CPU.ActiveCfg = Debug|Any CPU
		{78A8D2D4-04A3-4948-A5E8-258F0FA6066D}.Debug|Any CPU.Build.0 = Debug|Any CPU
		{78A8D2D4-04A3-4948-A5E8-258F0FA6066D}.Release|Any CPU.ActiveCfg = Release|Any CPU
		{78A8D2D4-04A3-4948-A5E8-258F0FA6066D}.Release|Any CPU.Build.0 = Release|Any CPU
	EndGlobalSection
	GlobalSection(SolutionProperties) = preSolution
		HideSolutionNode = FALSE
	EndGlobalSection
	GlobalSection(ExtensibilityGlobals) = postSolution
		SolutionGuid = {FDB6FB13-54A7-407B-B37B-2B1528DE327F}
	EndGlobalSection
EndGlobal
